{
  "version": 4,
  "terraform_version": "1.15.6",
  "serial": 9,
  "lineage": "f876350f-e111-0257-7757-fc61416b83b2",
  "outputs": {},
  "resources": [
    {
      "mode": "managed",
      "type": "azurerm_resource_group",
      "name": "cyna_rg",
      "provider": "provider[\"registry.terraform.io/hashicorp/azurerm\"]",
      "instances": [
        {
          "schema_version": 0,
          "attributes": {
            "id": "/subscriptions/4fe57521-ed29-458f-8e6f-581e34c3f503/resourceGroups/Cyna-projet-frc-01",
            "location": "polandcentral",
            "managed_by": "",
            "name": "Cyna-projet-frc-01",
            "tags": {
              "Projet": "cyna",
              "environment": "lab",
              "managedby": "terraform",
              "owner": "groupe-1"
            },
            "timeouts": null
          },
          "sensitive_attributes": [],
          "identity_schema_version": 0,
          "private": "eyJlMmJmYjczMC1lY2FhLTExZTYtOGY4OC0zNDM2M2JjN2M0YzAiOnsiY3JlYXRlIjo1NDAwMDAwMDAwMDAwLCJkZWxldGUiOjU0MDAwMDAwMDAwMDAsInJlYWQiOjMwMDAwMDAwMDAwMCwidXBkYXRlIjo1NDAwMDAwMDAwMDAwfSwic2NoZW1hX3ZlcnNpb24iOiIwIn0="
        }
      ]
    },
    {
      "mode": "managed",
      "type": "azurerm_subnet",
      "name": "admin",
      "provider": "provider[\"registry.terraform.io/hashicorp/azurerm\"]",
      "instances": [
        {
          "schema_version": 0,
          "attributes": {
            "address_prefixes": [
              "10.0.40.0/24"
            ],
            "default_outbound_access_enabled": false,
            "delegation": [],
            "enforce_private_link_endpoint_network_policies": true,
            "enforce_private_link_service_network_policies": false,
            "id": "/subscriptions/4fe57521-ed29-458f-8e6f-581e34c3f503/resourceGroups/Cyna-projet-frc-01/providers/Microsoft.Network/virtualNetworks/vnet-cyna-gva-01/subnets/snet-cyna-admin-01",
            "name": "snet-cyna-admin-01",
            "private_endpoint_network_policies": "Disabled",
            "private_endpoint_network_policies_enabled": false,
            "private_link_service_network_policies_enabled": true,
            "resource_group_name": "Cyna-projet-frc-01",
            "service_endpoint_policy_ids": [],
            "service_endpoints": [],
            "timeouts": null,
            "virtual_network_name": "vnet-cyna-gva-01"
          },
          "sensitive_attributes": [],
          "identity_schema_version": 0,
          "private": "eyJlMmJmYjczMC1lY2FhLTExZTYtOGY4OC0zNDM2M2JjN2M0YzAiOnsiY3JlYXRlIjoxODAwMDAwMDAwMDAwLCJkZWxldGUiOjE4MDAwMDAwMDAwMDAsInJlYWQiOjMwMDAwMDAwMDAwMCwidXBkYXRlIjoxODAwMDAwMDAwMDAwfSwic2NoZW1hX3ZlcnNpb24iOiIwIn0="
        }
      ]
    },
    {
      "mode": "managed",
      "type": "azurerm_subnet",
      "name": "app",
      "provider": "provider[\"registry.terraform.io/hashicorp/azurerm\"]",
      "instances": [
        {
          "schema_version": 0,
          "attributes": {
            "address_prefixes": [
              "10.0.20.0/24"
            ],
            "default_outbound_access_enabled": false,
            "delegation": [],
            "enforce_private_link_endpoint_network_policies": true,
            "enforce_private_link_service_network_policies": false,
            "id": "/subscriptions/4fe57521-ed29-458f-8e6f-581e34c3f503/resourceGroups/Cyna-projet-frc-01/providers/Microsoft.Network/virtualNetworks/vnet-cyna-gva-01/subnets/snet-cyna-app-01",
            "name": "snet-cyna-app-01",
            "private_endpoint_network_policies": "Disabled",
            "private_endpoint_network_policies_enabled": false,
            "private_link_service_network_policies_enabled": true,
            "resource_group_name": "Cyna-projet-frc-01",
            "service_endpoint_policy_ids": [],
            "service_endpoints": [],
            "timeouts": null,
            "virtual_network_name": "vnet-cyna-gva-01"
          },
          "sensitive_attributes": [],
          "identity_schema_version": 0,
          "private": "eyJlMmJmYjczMC1lY2FhLTExZTYtOGY4OC0zNDM2M2JjN2M0YzAiOnsiY3JlYXRlIjoxODAwMDAwMDAwMDAwLCJkZWxldGUiOjE4MDAwMDAwMDAwMDAsInJlYWQiOjMwMDAwMDAwMDAwMCwidXBkYXRlIjoxODAwMDAwMDAwMDAwfSwic2NoZW1hX3ZlcnNpb24iOiIwIn0="
        }
      ]
    },
    {
      "mode": "managed",
      "type": "azurerm_subnet",
      "name": "db",
      "provider": "provider[\"registry.terraform.io/hashicorp/azurerm\"]",
      "instances": [
        {
          "schema_version": 0,
          "attributes": {
            "address_prefixes": [
              "10.0.30.0/24"
            ],
            "default_outbound_access_enabled": false,
            "delegation": [],
            "enforce_private_link_endpoint_network_policies": true,
            "enforce_private_link_service_network_policies": false,
            "id": "/subscriptions/4fe57521-ed29-458f-8e6f-581e34c3f503/resourceGroups/Cyna-projet-frc-01/providers/Microsoft.Network/virtualNetworks/vnet-cyna-gva-01/subnets/snet-cyna-db-01",
            "name": "snet-cyna-db-01",
            "private_endpoint_network_policies": "Disabled",
            "private_endpoint_network_policies_enabled": false,
            "private_link_service_network_policies_enabled": true,
            "resource_group_name": "Cyna-projet-frc-01",
            "service_endpoint_policy_ids": [],
            "service_endpoints": [],
            "timeouts": null,
            "virtual_network_name": "vnet-cyna-gva-01"
          },
          "sensitive_attributes": [],
          "identity_schema_version": 0,
          "private": "eyJlMmJmYjczMC1lY2FhLTExZTYtOGY4OC0zNDM2M2JjN2M0YzAiOnsiY3JlYXRlIjoxODAwMDAwMDAwMDAwLCJkZWxldGUiOjE4MDAwMDAwMDAwMDAsInJlYWQiOjMwMDAwMDAwMDAwMCwidXBkYXRlIjoxODAwMDAwMDAwMDAwfSwic2NoZW1hX3ZlcnNpb24iOiIwIn0="
        }
      ]
    },
    {
      "mode": "managed",
      "type": "azurerm_subnet",
      "name": "dmz",
      "provider": "provider[\"registry.terraform.io/hashicorp/azurerm\"]",
      "instances": [
        {
          "schema_version": 0,
          "attributes": {
            "address_prefixes": [
              "10.0.10.0/24"
            ],
            "default_outbound_access_enabled": false,
            "delegation": [],
            "enforce_private_link_endpoint_network_policies": true,
            "enforce_private_link_service_network_policies": false,
            "id": "/subscriptions/4fe57521-ed29-458f-8e6f-581e34c3f503/resourceGroups/Cyna-projet-frc-01/providers/Microsoft.Network/virtualNetworks/vnet-cyna-gva-01/subnets/snet-cyna-dmz-01",
            "name": "snet-cyna-dmz-01",
            "private_endpoint_network_policies": "Disabled",
            "private_endpoint_network_policies_enabled": false,
            "private_link_service_network_policies_enabled": true,
            "resource_group_name": "Cyna-projet-frc-01",
            "service_endpoint_policy_ids": [],
            "service_endpoints": [],
            "timeouts": null,
            "virtual_network_name": "vnet-cyna-gva-01"
          },
          "sensitive_attributes": [],
          "identity_schema_version": 0,
          "private": "eyJlMmJmYjczMC1lY2FhLTExZTYtOGY4OC0zNDM2M2JjN2M0YzAiOnsiY3JlYXRlIjoxODAwMDAwMDAwMDAwLCJkZWxldGUiOjE4MDAwMDAwMDAwMDAsInJlYWQiOjMwMDAwMDAwMDAwMCwidXBkYXRlIjoxODAwMDAwMDAwMDAwfSwic2NoZW1hX3ZlcnNpb24iOiIwIn0="
        }
      ]
    },
    {
      "mode": "managed",
      "type": "azurerm_subnet",
      "name": "endpoints",
      "provider": "provider[\"registry.terraform.io/hashicorp/azurerm\"]",
      "instances": [
        {
          "schema_version": 0,
          "attributes": {
            "address_prefixes": [
              "10.0.60.0/24"
            ],
            "default_outbound_access_enabled": false,
            "delegation": [],
            "enforce_private_link_endpoint_network_policies": true,
            "enforce_private_link_service_network_policies": false,
            "id": "/subscriptions/4fe57521-ed29-458f-8e6f-581e34c3f503/resourceGroups/Cyna-projet-frc-01/providers/Microsoft.Network/virtualNetworks/vnet-cyna-gva-01/subnets/snet-cyna-endpoints-01",
            "name": "snet-cyna-endpoints-01",
            "private_endpoint_network_policies": "Disabled",
            "private_endpoint_network_policies_enabled": false,
            "private_link_service_network_policies_enabled": true,
            "resource_group_name": "Cyna-projet-frc-01",
            "service_endpoint_policy_ids": [],
            "service_endpoints": [],
            "timeouts": null,
            "virtual_network_name": "vnet-cyna-gva-01"
          },
          "sensitive_attributes": [],
          "identity_schema_version": 0,
          "private": "eyJlMmJmYjczMC1lY2FhLTExZTYtOGY4OC0zNDM2M2JjN2M0YzAiOnsiY3JlYXRlIjoxODAwMDAwMDAwMDAwLCJkZWxldGUiOjE4MDAwMDAwMDAwMDAsInJlYWQiOjMwMDAwMDAwMDAwMCwidXBkYXRlIjoxODAwMDAwMDAwMDAwfSwic2NoZW1hX3ZlcnNpb24iOiIwIn0="
        }
      ]
    },
    {
      "mode": "managed",
      "type": "azurerm_subnet",
      "name": "identity",
      "provider": "provider[\"registry.terraform.io/hashicorp/azurerm\"]",
      "instances": [
        {
          "schema_version": 0,
          "attributes": {
            "address_prefixes": [
              "10.0.80.0/24"
            ],
            "default_outbound_access_enabled": false,
            "delegation": [],
            "enforce_private_link_endpoint_network_policies": true,
            "enforce_private_link_service_network_policies": false,
            "id": "/subscriptions/4fe57521-ed29-458f-8e6f-581e34c3f503/resourceGroups/Cyna-projet-frc-01/providers/Microsoft.Network/virtualNetworks/vnet-cyna-gva-01/subnets/snet-cyna-identity-01",
            "name": "snet-cyna-identity-01",
            "private_endpoint_network_policies": "Disabled",
            "private_endpoint_network_policies_enabled": false,
            "private_link_service_network_policies_enabled": true,
            "resource_group_name": "Cyna-projet-frc-01",
            "service_endpoint_policy_ids": [],
            "service_endpoints": [],
            "timeouts": null,
            "virtual_network_name": "vnet-cyna-gva-01"
          },
          "sensitive_attributes": [],
          "identity_schema_version": 0,
          "private": "eyJlMmJmYjczMC1lY2FhLTExZTYtOGY4OC0zNDM2M2JjN2M0YzAiOnsiY3JlYXRlIjoxODAwMDAwMDAwMDAwLCJkZWxldGUiOjE4MDAwMDAwMDAwMDAsInJlYWQiOjMwMDAwMDAwMDAwMCwidXBkYXRlIjoxODAwMDAwMDAwMDAwfSwic2NoZW1hX3ZlcnNpb24iOiIwIn0="
        }
      ]
    },
    {
      "mode": "managed",
      "type": "azurerm_subnet",
      "name": "soc",
      "provider": "provider[\"registry.terraform.io/hashicorp/azurerm\"]",
      "instances": [
        {
          "schema_version": 0,
          "attributes": {
            "address_prefixes": [
              "10.0.50.0/24"
            ],
            "default_outbound_access_enabled": false,
            "delegation": [],
            "enforce_private_link_endpoint_network_policies": true,
            "enforce_private_link_service_network_policies": false,
            "id": "/subscriptions/4fe57521-ed29-458f-8e6f-581e34c3f503/resourceGroups/Cyna-projet-frc-01/providers/Microsoft.Network/virtualNetworks/vnet-cyna-gva-01/subnets/snet-cyna-soc-01",
            "name": "snet-cyna-soc-01",
            "private_endpoint_network_policies": "Disabled",
            "private_endpoint_network_policies_enabled": false,
            "private_link_service_network_policies_enabled": true,
            "resource_group_name": "Cyna-projet-frc-01",
            "service_endpoint_policy_ids": [],
            "service_endpoints": [],
            "timeouts": null,
            "virtual_network_name": "vnet-cyna-gva-01"
          },
          "sensitive_attributes": [],
          "identity_schema_version": 0,
          "private": "eyJlMmJmYjczMC1lY2FhLTExZTYtOGY4OC0zNDM2M2JjN2M0YzAiOnsiY3JlYXRlIjoxODAwMDAwMDAwMDAwLCJkZWxldGUiOjE4MDAwMDAwMDAwMDAsInJlYWQiOjMwMDAwMDAwMDAwMCwidXBkYXRlIjoxODAwMDAwMDAwMDAwfSwic2NoZW1hX3ZlcnNpb24iOiIwIn0="
        }
      ]
    },
    {
      "mode": "managed",
      "type": "azurerm_virtual_network",
      "name": "cyna_vnet",
      "provider": "provider[\"registry.terraform.io/hashicorp/azurerm\"]",
      "instances": [
        {
          "schema_version": 0,
          "attributes": {
            "address_space": [
              "10.0.0.0/16"
            ],
            "bgp_community": "",
            "ddos_protection_plan": [],
            "dns_servers": [],
            "edge_zone": "",
            "encryption": [],
            "flow_timeout_in_minutes": 0,
            "guid": "a56e3d36-7393-4542-87ec-348af9084499",
            "id": "/subscriptions/4fe57521-ed29-458f-8e6f-581e34c3f503/resourceGroups/Cyna-projet-frc-01/providers/Microsoft.Network/virtualNetworks/vnet-cyna-gva-01",
            "location": "polandcentral",
            "name": "vnet-cyna-gva-01",
            "resource_group_name": "Cyna-projet-frc-01",
            "subnet": [
              {
                "address_prefix": "",
                "id": "/subscriptions/4fe57521-ed29-458f-8e6f-581e34c3f503/resourceGroups/Cyna-projet-frc-01/providers/Microsoft.Network/virtualNetworks/vnet-cyna-gva-01/subnets/snet-cyna-admin-01",
                "name": "snet-cyna-admin-01",
                "security_group": "/subscriptions/4fe57521-ed29-458f-8e6f-581e34c3f503/resourceGroups/Cyna-projet-frc-01/providers/Microsoft.Network/networkSecurityGroups/nsg-cyna-admin-01"
              },
              {
                "address_prefix": "",
                "id": "/subscriptions/4fe57521-ed29-458f-8e6f-581e34c3f503/resourceGroups/Cyna-projet-frc-01/providers/Microsoft.Network/virtualNetworks/vnet-cyna-gva-01/subnets/snet-cyna-app-01",
                "name": "snet-cyna-app-01",
                "security_group": "/subscriptions/4fe57521-ed29-458f-8e6f-581e34c3f503/resourceGroups/Cyna-projet-frc-01/providers/Microsoft.Network/networkSecurityGroups/nsg-cyna-app-01"
              },
              {
                "address_prefix": "",
                "id": "/subscriptions/4fe57521-ed29-458f-8e6f-581e34c3f503/resourceGroups/Cyna-projet-frc-01/providers/Microsoft.Network/virtualNetworks/vnet-cyna-gva-01/subnets/snet-cyna-db-01",
                "name": "snet-cyna-db-01",
                "security_group": "/subscriptions/4fe57521-ed29-458f-8e6f-581e34c3f503/resourceGroups/Cyna-projet-frc-01/providers/Microsoft.Network/networkSecurityGroups/nsg-cyna-db-01"
              },
              {
                "address_prefix": "",
                "id": "/subscriptions/4fe57521-ed29-458f-8e6f-581e34c3f503/resourceGroups/Cyna-projet-frc-01/providers/Microsoft.Network/virtualNetworks/vnet-cyna-gva-01/subnets/snet-cyna-dmz-01",
                "name": "snet-cyna-dmz-01",
                "security_group": "/subscriptions/4fe57521-ed29-458f-8e6f-581e34c3f503/resourceGroups/Cyna-projet-frc-01/providers/Microsoft.Network/networkSecurityGroups/nsg-cyna-dmz-01"
              },
              {
                "address_prefix": "",
                "id": "/subscriptions/4fe57521-ed29-458f-8e6f-581e34c3f503/resourceGroups/Cyna-projet-frc-01/providers/Microsoft.Network/virtualNetworks/vnet-cyna-gva-01/subnets/snet-cyna-endpoints-01",
                "name": "snet-cyna-endpoints-01",
                "security_group": "/subscriptions/4fe57521-ed29-458f-8e6f-581e34c3f503/resourceGroups/Cyna-projet-frc-01/providers/Microsoft.Network/networkSecurityGroups/nsg-cyna-endpoints-01"
              },
              {
                "address_prefix": "",
                "id": "/subscriptions/4fe57521-ed29-458f-8e6f-581e34c3f503/resourceGroups/Cyna-projet-frc-01/providers/Microsoft.Network/virtualNetworks/vnet-cyna-gva-01/subnets/snet-cyna-identity-01",
                "name": "snet-cyna-identity-01",
                "security_group": "/subscriptions/4fe57521-ed29-458f-8e6f-581e34c3f503/resourceGroups/Cyna-projet-frc-01/providers/Microsoft.Network/networkSecurityGroups/nsg-cyna-identity-01"
              },
              {
                "address_prefix": "",
                "id": "/subscriptions/4fe57521-ed29-458f-8e6f-581e34c3f503/resourceGroups/Cyna-projet-frc-01/providers/Microsoft.Network/virtualNetworks/vnet-cyna-gva-01/subnets/snet-cyna-soc-01",
                "name": "snet-cyna-soc-01",
                "security_group": "/subscriptions/4fe57521-ed29-458f-8e6f-581e34c3f503/resourceGroups/Cyna-projet-frc-01/providers/Microsoft.Network/networkSecurityGroups/nsg-cyna-soc-01"
              },
              {
                "address_prefix": "10.0.11.0/26",
                "id": "/subscriptions/4fe57521-ed29-458f-8e6f-581e34c3f503/resourceGroups/Cyna-projet-frc-01/providers/Microsoft.Network/virtualNetworks/vnet-cyna-gva-01/subnets/AzureBastionSubnet",
                "name": "AzureBastionSubnet",
                "security_group": ""
              }
            ],
            "tags": {},
            "timeouts": null
          },
          "sensitive_attributes": [],
          "identity_schema_version": 0,
          "private": "eyJlMmJmYjczMC1lY2FhLTExZTYtOGY4OC0zNDM2M2JjN2M0YzAiOnsiY3JlYXRlIjoxODAwMDAwMDAwMDAwLCJkZWxldGUiOjE4MDAwMDAwMDAwMDAsInJlYWQiOjMwMDAwMDAwMDAwMCwidXBkYXRlIjoxODAwMDAwMDAwMDAwfSwic2NoZW1hX3ZlcnNpb24iOiIwIn0="
        }
      ]
    }
  ],
  "check_results": null
}
